
Microsoft Visual Studio Solution File, Format Version 12.00
# Visual Studio Version 17
VisualStudioVersion = 17.2.32505.173
MinimumVisualStudioVersion = 10.0.40219.1
Project("{FAE04EC0-301F-11D3-BF4B-00C04F79EFBC}") = "Kursovaya", "Kursovaya\Kursovaya.csproj", "{8B5E8D31-24AA-431A-AF1B-B3611F42BF84}"
EndProject
Global
	GlobalSection(SolutionConfigurationPlatforms) = preSolution
		Debug|Any CPU = Debug|Any CPU
		Release|Any CPU = Release|Any CPU
	EndGlobalSection
	GlobalSection(ProjectConfigurationPlatforms) = postSolution
		{8B5E8D31-24AA-431A-AF1B-B3611F42BF84}.Debug|Any CPU.ActiveCfg = Debug|Any CPU
		{8B5E8D31-24AA-431A-AF1B-B3611F42BF84}.Debug|Any CPU.Build.0 = Debug|Any CPU
		{8B5E8D31-24AA-431A-AF1B-B3611F42BF84}.Release|Any CPU.ActiveCfg = Release|Any CPU
		{8B5E8D31-24AA-431A-AF1B-B3611F42BF84}.Release|Any CPU.Build.0 = Release|Any CPU
	EndGlobalSection
	GlobalSection(SolutionProperties) = preSolution
		HideSolutionNode = FALSE
	EndGlobalSection
	GlobalSection(ExtensibilityGlobals) = postSolution
		SolutionGuid = {2DB9C193-8ABC-41B7-B7DF-DB84B16AF902}
	EndGlobalSection
EndGlobal
